
Microsoft Visual Studio Solution File, Format Version 12.00
# Visual Studio Version 17
VisualStudioVersion = 17.14.36705.20 d17.14
MinimumVisualStudioVersion = 10.0.40219.1
Project("{FAE04EC0-301F-11D3-BF4B-00C04F79EFBC}") = "CourseProjectAPI", "CourseProjectAPI\CourseProjectAPI.csproj", "{7EB4B7A5-983A-4AA9-92BF-EBC2CF34714A}"
EndProject
Global
	GlobalSection(SolutionConfigurationPlatforms) = preSolution
		Debug|Any CPU = Debug|Any CPU
		Release|Any CPU = Release|Any CPU
	EndGlobalSection
	GlobalSection(ProjectConfigurationPlatforms) = postSolution
		{7EB4B7A5-983A-4AA9-92BF-EBC2CF34714A}.Debug|Any CPU.ActiveCfg = Debug|Any CPU
		{7EB4B7A5-983A-4AA9-92BF-EBC2CF34714A}.Debug|Any CPU.Build.0 = Debug|Any CPU
		{7EB4B7A5-983A-4AA9-92BF-EBC2CF34714A}.Release|Any CPU.ActiveCfg = Release|Any CPU
		{7EB4B7A5-983A-4AA9-92BF-EBC2CF34714A}.Release|Any CPU.Build.0 = Release|Any CPU
	EndGlobalSection
	GlobalSection(SolutionProperties) = preSolution
		HideSolutionNode = FALSE
	EndGlobalSection
	GlobalSection(ExtensibilityGlobals) = postSolution
		SolutionGuid = {6836AB84-235E-4583-9F25-F1527C17665F}
	EndGlobalSection
EndGlobal
